hash: 313751c64f981ef1a943d960182c5f7b56cbe2e4c783ebe188cfdfb40adf29db
updated: 2017-01-04T11:41:16.600229061+08:00
imports:
- name: github.com/codegangsta/inject
  version: 33e0aa1cb7c019ccc3fbe049a8262a6403d30504
- name: github.com/go-martini/martini
  version: fe605b5cd210047ae3bb73d2b69a5b912a9b423d
- name: github.com/martini-contrib/render
  version: ec18f8345a1181146728238980606fb1d6f40e8c
- name: github.com/oxtoacart/bpool
  version: 4e1c5567d7c2dd59fa4c7c83d34c2f3528b025d6
- name: github.com/Unknwon/goconfig
  version: 87a46d97951ee1ea20ed3b24c25646a79e87ba5d
testImports: []
